
Microsoft Visual Studio Solution File, Format Version 12.00
# Visual Studio 14
VisualStudioVersion = 14.0.25420.1
MinimumVisualStudioVersion = 10.0.40219.1
Project("{FAE04EC0-301F-11D3-BF4B-00C04F79EFBC}") = "TeamplateHotel_tour", "TeamplateHotel\TeamplateHotel_tour.csproj", "{7F3E8747-20F1-4A9D-AAD3-2D57960DA533}"
EndProject
Project("{FAE04EC0-301F-11D3-BF4B-00C04F79EFBC}") = "ProjectLibrary", "ProjectLibrary\ProjectLibrary.csproj", "{5C8E1886-5897-4B2E-8B79-5083C67BB8E7}"
EndProject
Global
	GlobalSection(SolutionConfigurationPlatforms) = preSolution
		Debug|Any CPU = Debug|Any CPU
		Release|Any CPU = Release|Any CPU
	EndGlobalSection
	GlobalSection(ProjectConfigurationPlatforms) = postSolution
		{7F3E8747-20F1-4A9D-AAD3-2D57960DA533}.Debug|Any CPU.ActiveCfg = Debug|Any CPU
		{7F3E8747-20F1-4A9D-AAD3-2D57960DA533}.Debug|Any CPU.Build.0 = Debug|Any CPU
		{7F3E8747-20F1-4A9D-AAD3-2D57960DA533}.Release|Any CPU.ActiveCfg = Release|Any CPU
		{7F3E8747-20F1-4A9D-AAD3-2D57960DA533}.Release|Any CPU.Build.0 = Release|Any CPU
		{5C8E1886-5897-4B2E-8B79-5083C67BB8E7}.Debug|Any CPU.ActiveCfg = Debug|Any CPU
		{5C8E1886-5897-4B2E-8B79-5083C67BB8E7}.Debug|Any CPU.Build.0 = Debug|Any CPU
		{5C8E1886-5897-4B2E-8B79-5083C67BB8E7}.Release|Any CPU.ActiveCfg = Release|Any CPU
		{5C8E1886-5897-4B2E-8B79-5083C67BB8E7}.Release|Any CPU.Build.0 = Release|Any CPU
	EndGlobalSection
	GlobalSection(SolutionProperties) = preSolution
		HideSolutionNode = FALSE
	EndGlobalSection
	GlobalSection(ExtensibilityGlobals) = postSolution
		SolutionGuid = {E2E349B9-2516-4BD5-8579-A79E77E8BAD3}
	EndGlobalSection
	GlobalSection(TeamFoundationVersionControl) = preSolution
		SccNumberOfProjects = 3
		SccEnterpriseProvider = {4CA58AB2-18FA-4F8D-95D4-32DDF27D184C}
		SccTeamFoundationServer = https://iit2018project.visualstudio.com/
		SccLocalPath0 = .
		SccProjectUniqueName1 = ProjectLibrary\\ProjectLibrary.csproj
		SccProjectName1 = ProjectLibrary
		SccLocalPath1 = ProjectLibrary
		SccProjectUniqueName2 = TeamplateHotel\\TeamplateHotel_tour.csproj
		SccProjectName2 = TeamplateHotel
		SccLocalPath2 = TeamplateHotel
	EndGlobalSection
EndGlobal
